
Microsoft Visual Studio Solution File, Format Version 10.00
# Visual Studio 2008
Project("{8BC9CEB8-8B4A-11D0-8D11-00A0C91BC942}") = "libsiedler2", "libsiedler2.vcproj", "{290E94F7-C0BE-4950-87AA-D269467A82BF}"
	ProjectSection(ProjectDependencies) = postProject
		{1C4D182C-4502-4A05-B1F3-9DD5214C3DEE} = {1C4D182C-4502-4A05-B1F3-9DD5214C3DEE}
	EndProjectSection
EndProject
Project("{8BC9CEB8-8B4A-11D0-8D11-00A0C91BC942}") = "lstpacker", "..\..\test\lstpacker\lstpacker.vcproj", "{57620257-9C68-47EC-A0A6-62E7405B609C}"
	ProjectSection(ProjectDependencies) = postProject
		{290E94F7-C0BE-4950-87AA-D269467A82BF} = {290E94F7-C0BE-4950-87AA-D269467A82BF}
	EndProjectSection
EndProject
Project("{8BC9CEB8-8B4A-11D0-8D11-00A0C91BC942}") = "libendian", "..\..\libendian\win32\vs2008\libendian.vcproj", "{1C4D182C-4502-4A05-B1F3-9DD5214C3DEE}"
EndProject
Global
	GlobalSection(SolutionConfigurationPlatforms) = preSolution
		Debug|Win32 = Debug|Win32
		Release|Win32 = Release|Win32
	EndGlobalSection
	GlobalSection(ProjectConfigurationPlatforms) = postSolution
		{290E94F7-C0BE-4950-87AA-D269467A82BF}.Debug|Win32.ActiveCfg = Debug|Win32
		{290E94F7-C0BE-4950-87AA-D269467A82BF}.Debug|Win32.Build.0 = Debug|Win32
		{290E94F7-C0BE-4950-87AA-D269467A82BF}.Release|Win32.ActiveCfg = Release|Win32
		{290E94F7-C0BE-4950-87AA-D269467A82BF}.Release|Win32.Build.0 = Release|Win32
		{57620257-9C68-47EC-A0A6-62E7405B609C}.Debug|Win32.ActiveCfg = Debug|Win32
		{57620257-9C68-47EC-A0A6-62E7405B609C}.Debug|Win32.Build.0 = Debug|Win32
		{57620257-9C68-47EC-A0A6-62E7405B609C}.Release|Win32.ActiveCfg = Release|Win32
		{57620257-9C68-47EC-A0A6-62E7405B609C}.Release|Win32.Build.0 = Release|Win32
		{1C4D182C-4502-4A05-B1F3-9DD5214C3DEE}.Debug|Win32.ActiveCfg = Debug|Win32
		{1C4D182C-4502-4A05-B1F3-9DD5214C3DEE}.Debug|Win32.Build.0 = Debug|Win32
		{1C4D182C-4502-4A05-B1F3-9DD5214C3DEE}.Release|Win32.ActiveCfg = Release|Win32
		{1C4D182C-4502-4A05-B1F3-9DD5214C3DEE}.Release|Win32.Build.0 = Release|Win32
	EndGlobalSection
	GlobalSection(SolutionProperties) = preSolution
		HideSolutionNode = FALSE
	EndGlobalSection
EndGlobal
